
Microsoft Visual Studio Solution File, Format Version 12.00
Project("{FAE04EC0-301F-11D3-BF4B-00C04F79EFBC}") = "UntitledRpgLogic", "UntitledRpgLogic\UntitledRpgLogic.csproj", "{E685FD76-EFED-4853-97BD-D4103C74A737}"
EndProject
Project("{FAE04EC0-301F-11D3-BF4B-00C04F79EFBC}") = "UntitledRpgLogic.Tests", "UntitledRpgLogic.Tests\UntitledRpgLogic.Tests.csproj", "{0356C0E3-486A-43AE-931C-10B6693F8AE1}"
EndProject
Project("{FAE04EC0-301F-11D3-BF4B-00C04F79EFBC}") = "UntitledRpgLogic.EFCore", "UntitledRpgLogic.EFCore\UntitledRpgLogic.EFCore.csproj", "{82F40EED-3719-4913-9BD7-4CCB76114366}"
EndProject
Global
	GlobalSection(SolutionConfigurationPlatforms) = preSolution
		Debug|Any CPU = Debug|Any CPU
		Release|Any CPU = Release|Any CPU
	EndGlobalSection
	GlobalSection(ProjectConfigurationPlatforms) = postSolution
		{E685FD76-EFED-4853-97BD-D4103C74A737}.Debug|Any CPU.ActiveCfg = Debug|Any CPU
		{E685FD76-EFED-4853-97BD-D4103C74A737}.Debug|Any CPU.Build.0 = Debug|Any CPU
		{E685FD76-EFED-4853-97BD-D4103C74A737}.Release|Any CPU.ActiveCfg = Release|Any CPU
		{E685FD76-EFED-4853-97BD-D4103C74A737}.Release|Any CPU.Build.0 = Release|Any CPU
		{0356C0E3-486A-43AE-931C-10B6693F8AE1}.Debug|Any CPU.ActiveCfg = Debug|Any CPU
		{0356C0E3-486A-43AE-931C-10B6693F8AE1}.Debug|Any CPU.Build.0 = Debug|Any CPU
		{0356C0E3-486A-43AE-931C-10B6693F8AE1}.Release|Any CPU.ActiveCfg = Release|Any CPU
		{0356C0E3-486A-43AE-931C-10B6693F8AE1}.Release|Any CPU.Build.0 = Release|Any CPU
		{82F40EED-3719-4913-9BD7-4CCB76114366}.Debug|Any CPU.ActiveCfg = Debug|Any CPU
		{82F40EED-3719-4913-9BD7-4CCB76114366}.Debug|Any CPU.Build.0 = Debug|Any CPU
		{82F40EED-3719-4913-9BD7-4CCB76114366}.Release|Any CPU.ActiveCfg = Release|Any CPU
		{82F40EED-3719-4913-9BD7-4CCB76114366}.Release|Any CPU.Build.0 = Release|Any CPU
	EndGlobalSection
EndGlobal
