
Microsoft Visual Studio Solution File, Format Version 12.00
# Visual Studio Version 17
VisualStudioVersion = 17.14.36221.1
MinimumVisualStudioVersion = 10.0.40219.1
Project("{FAE04EC0-301F-11D3-BF4B-00C04F79EFBC}") = "UntitledRpgLogic.Core", "UntitledRpgLogic.Core\UntitledRpgLogic.Core.csproj", "{E685FD76-EFED-4853-97BD-D4103C74A737}"
EndProject
Project("{FAE04EC0-301F-11D3-BF4B-00C04F79EFBC}") = "UntitledRpgLogic.Infrastructure.Data", "UntitledRpgLogic.Infrastructure.Data\UntitledRpgLogic.Infrastructure.Data.csproj", "{AA836628-234D-4AB8-9100-E72AD3560113}"
EndProject
Project("{FAE04EC0-301F-11D3-BF4B-00C04F79EFBC}") = "UntitledRpgLogic.Infrastructure.Configuration", "UntitledRpgLogic.Infrastructure.Configuration\UntitledRpgLogic.Infrastructure.Configuration.csproj", "{21753340-1D1C-49FE-AD17-EB27EF324526}"
EndProject
Project("{FAE04EC0-301F-11D3-BF4B-00C04F79EFBC}") = "UntitledRpgLogic.UnitTests", "UntitledRpgLogic.UnitTests\UntitledRpgLogic.UnitTests.csproj", "{C11152C1-45B4-46A6-BD7E-0DF813471730}"
EndProject
Project("{FAE04EC0-301F-11D3-BF4B-00C04F79EFBC}") = "UntitledRpgLogic.IntegrationTests", "UntitledRpgLogic.IntegrationTests\UntitledRpgLogic.IntegrationTests.csproj", "{6DE494EF-C9E4-4140-964C-384DB8943223}"
EndProject
Project("{FAE04EC0-301F-11D3-BF4B-00C04F79EFBC}") = "UntitledRpgLogic.Extensions.Common", "UntitledRpgLogic.Extensions.Common\UntitledRpgLogic.Extensions.Common.csproj", "{87541771-20B5-4D7C-9B91-EE2658525D86}"
EndProject
Project("{FAE04EC0-301F-11D3-BF4B-00C04F79EFBC}") = "UntitledRpgLogic.Extensions.Godot", "UntitledRpgLogic.Extensions.Godot\UntitledRpgLogic.Extensions.Godot.csproj", "{C95C04BC-A2C5-4CCE-A610-E2779609109C}"
EndProject
Project("{FAE04EC0-301F-11D3-BF4B-00C04F79EFBC}") = "UntitledRpgLogic.StateMachines", "UntitledRpgLogic.StateMachines\UntitledRpgLogic.StateMachines.csproj", "{50CFAF21-F670-4065-AC3D-2CD8100B7350}"
EndProject
Project("{FAE04EC0-301F-11D3-BF4B-00C04F79EFBC}") = "UntitledRpgLogic.Extensions.Logging", "UntitledRpgLogic.Extensions.Logging\UntitledRpgLogic.Extensions.Logging.csproj", "{833831A1-9801-4F9E-AEE5-F6580D7CD9E7}"
EndProject
Project("{FAE04EC0-301F-11D3-BF4B-00C04F79EFBC}") = "UntitledRpgLogic.Resources", "UntitledRpgLogic.Resources\UntitledRpgLogic.Resources.csproj", "{4FC360F9-9B5B-4C71-AD87-D3B7B17B3B37}"
EndProject
Project("{FAE04EC0-301F-11D3-BF4B-00C04F79EFBC}") = "UntitledRpgLogic.Services", "UntitledRpgLogic.Services\UntitledRpgLogic.Services.csproj", "{9D83A2E9-9A41-48AC-9E3A-ACB20B490735}"
EndProject
Project("{FAE04EC0-301F-11D3-BF4B-00C04F79EFBC}") = "UntitledRpgLogic.DevTool", "UntitledRpgLogic.DevTool\UntitledRpgLogic.DevTool.csproj", "{8883C877-CC51-7B96-588B-AD45B8F941CC}"
EndProject
Project("{FAE04EC0-301F-11D3-BF4B-00C04F79EFBC}") = "UntitledRpgLogic.LibraryFile", "UntitledRpgLogic.LibraryFile\UntitledRpgLogic.LibraryFile.csproj", "{B33D9751-3494-48AC-5B65-A5A8A7912FDD}"
EndProject
Global
	GlobalSection(SolutionConfigurationPlatforms) = preSolution
		Debug|Any CPU = Debug|Any CPU
		Release|Any CPU = Release|Any CPU
	EndGlobalSection
	GlobalSection(ProjectConfigurationPlatforms) = postSolution
		{E685FD76-EFED-4853-97BD-D4103C74A737}.Debug|Any CPU.ActiveCfg = Debug|Any CPU
		{E685FD76-EFED-4853-97BD-D4103C74A737}.Debug|Any CPU.Build.0 = Debug|Any CPU
		{E685FD76-EFED-4853-97BD-D4103C74A737}.Release|Any CPU.ActiveCfg = Release|Any CPU
		{E685FD76-EFED-4853-97BD-D4103C74A737}.Release|Any CPU.Build.0 = Release|Any CPU
		{AA836628-234D-4AB8-9100-E72AD3560113}.Debug|Any CPU.ActiveCfg = Debug|Any CPU
		{AA836628-234D-4AB8-9100-E72AD3560113}.Debug|Any CPU.Build.0 = Debug|Any CPU
		{AA836628-234D-4AB8-9100-E72AD3560113}.Release|Any CPU.ActiveCfg = Release|Any CPU
		{AA836628-234D-4AB8-9100-E72AD3560113}.Release|Any CPU.Build.0 = Release|Any CPU
		{21753340-1D1C-49FE-AD17-EB27EF324526}.Debug|Any CPU.ActiveCfg = Debug|Any CPU
		{21753340-1D1C-49FE-AD17-EB27EF324526}.Debug|Any CPU.Build.0 = Debug|Any CPU
		{21753340-1D1C-49FE-AD17-EB27EF324526}.Release|Any CPU.ActiveCfg = Release|Any CPU
		{21753340-1D1C-49FE-AD17-EB27EF324526}.Release|Any CPU.Build.0 = Release|Any CPU
		{C11152C1-45B4-46A6-BD7E-0DF813471730}.Debug|Any CPU.ActiveCfg = Debug|Any CPU
		{C11152C1-45B4-46A6-BD7E-0DF813471730}.Debug|Any CPU.Build.0 = Debug|Any CPU
		{C11152C1-45B4-46A6-BD7E-0DF813471730}.Release|Any CPU.ActiveCfg = Release|Any CPU
		{C11152C1-45B4-46A6-BD7E-0DF813471730}.Release|Any CPU.Build.0 = Release|Any CPU
		{6DE494EF-C9E4-4140-964C-384DB8943223}.Debug|Any CPU.ActiveCfg = Debug|Any CPU
		{6DE494EF-C9E4-4140-964C-384DB8943223}.Debug|Any CPU.Build.0 = Debug|Any CPU
		{6DE494EF-C9E4-4140-964C-384DB8943223}.Release|Any CPU.ActiveCfg = Release|Any CPU
		{6DE494EF-C9E4-4140-964C-384DB8943223}.Release|Any CPU.Build.0 = Release|Any CPU
		{87541771-20B5-4D7C-9B91-EE2658525D86}.Debug|Any CPU.ActiveCfg = Debug|Any CPU
		{87541771-20B5-4D7C-9B91-EE2658525D86}.Debug|Any CPU.Build.0 = Debug|Any CPU
		{87541771-20B5-4D7C-9B91-EE2658525D86}.Release|Any CPU.ActiveCfg = Release|Any CPU
		{87541771-20B5-4D7C-9B91-EE2658525D86}.Release|Any CPU.Build.0 = Release|Any CPU
		{C95C04BC-A2C5-4CCE-A610-E2779609109C}.Debug|Any CPU.ActiveCfg = Debug|Any CPU
		{C95C04BC-A2C5-4CCE-A610-E2779609109C}.Debug|Any CPU.Build.0 = Debug|Any CPU
		{C95C04BC-A2C5-4CCE-A610-E2779609109C}.Release|Any CPU.ActiveCfg = Release|Any CPU
		{C95C04BC-A2C5-4CCE-A610-E2779609109C}.Release|Any CPU.Build.0 = Release|Any CPU
		{50CFAF21-F670-4065-AC3D-2CD8100B7350}.Debug|Any CPU.ActiveCfg = Debug|Any CPU
		{50CFAF21-F670-4065-AC3D-2CD8100B7350}.Debug|Any CPU.Build.0 = Debug|Any CPU
		{50CFAF21-F670-4065-AC3D-2CD8100B7350}.Release|Any CPU.ActiveCfg = Release|Any CPU
		{50CFAF21-F670-4065-AC3D-2CD8100B7350}.Release|Any CPU.Build.0 = Release|Any CPU
		{833831A1-9801-4F9E-AEE5-F6580D7CD9E7}.Debug|Any CPU.ActiveCfg = Debug|Any CPU
		{833831A1-9801-4F9E-AEE5-F6580D7CD9E7}.Debug|Any CPU.Build.0 = Debug|Any CPU
		{833831A1-9801-4F9E-AEE5-F6580D7CD9E7}.Release|Any CPU.ActiveCfg = Release|Any CPU
		{833831A1-9801-4F9E-AEE5-F6580D7CD9E7}.Release|Any CPU.Build.0 = Release|Any CPU
		{4FC360F9-9B5B-4C71-AD87-D3B7B17B3B37}.Debug|Any CPU.ActiveCfg = Debug|Any CPU
		{4FC360F9-9B5B-4C71-AD87-D3B7B17B3B37}.Debug|Any CPU.Build.0 = Debug|Any CPU
		{4FC360F9-9B5B-4C71-AD87-D3B7B17B3B37}.Release|Any CPU.ActiveCfg = Release|Any CPU
		{4FC360F9-9B5B-4C71-AD87-D3B7B17B3B37}.Release|Any CPU.Build.0 = Release|Any CPU
		{9D83A2E9-9A41-48AC-9E3A-ACB20B490735}.Debug|Any CPU.ActiveCfg = Debug|Any CPU
		{9D83A2E9-9A41-48AC-9E3A-ACB20B490735}.Debug|Any CPU.Build.0 = Debug|Any CPU
		{9D83A2E9-9A41-48AC-9E3A-ACB20B490735}.Release|Any CPU.ActiveCfg = Release|Any CPU
		{9D83A2E9-9A41-48AC-9E3A-ACB20B490735}.Release|Any CPU.Build.0 = Release|Any CPU
		{8883C877-CC51-7B96-588B-AD45B8F941CC}.Debug|Any CPU.ActiveCfg = Debug|Any CPU
		{8883C877-CC51-7B96-588B-AD45B8F941CC}.Debug|Any CPU.Build.0 = Debug|Any CPU
		{8883C877-CC51-7B96-588B-AD45B8F941CC}.Release|Any CPU.ActiveCfg = Release|Any CPU
		{8883C877-CC51-7B96-588B-AD45B8F941CC}.Release|Any CPU.Build.0 = Release|Any CPU
		{B33D9751-3494-48AC-5B65-A5A8A7912FDD}.Debug|Any CPU.ActiveCfg = Debug|Any CPU
		{B33D9751-3494-48AC-5B65-A5A8A7912FDD}.Debug|Any CPU.Build.0 = Debug|Any CPU
		{B33D9751-3494-48AC-5B65-A5A8A7912FDD}.Release|Any CPU.ActiveCfg = Release|Any CPU
		{B33D9751-3494-48AC-5B65-A5A8A7912FDD}.Release|Any CPU.Build.0 = Release|Any CPU
	EndGlobalSection
	GlobalSection(SolutionProperties) = preSolution
		HideSolutionNode = FALSE
	EndGlobalSection
	GlobalSection(ExtensibilityGlobals) = postSolution
		SolutionGuid = {A7099F04-D709-4870-AE44-50E10920192C}
	EndGlobalSection
EndGlobal
